hash: 7668b5e028e184ce0763cd7bf79dde8dd2ba966f0ce44e7d38093011e049bfce
updated: 2016-12-07T01:16:04.302277015+08:00
imports:
- name: github.com/asaskevich/govalidator
  version: 9699ab6b38bee2e02cd3fe8b99ecf67665395c96
  repo: https://github.com/asaskevich/govalidator
- name: github.com/cenkalti/backoff
  version: b02f2bbce11d7ea6b97f282ef1771b0fe2f65ef3
- name: github.com/dgrijalva/jwt-go
  version: 9ed569b5d1ac936e6494082958d63a6aa4fff99a
- name: github.com/facebookgo/clock
  version: 600d898af40aa09a7a93ecb9265d87b0504b6f03
- name: github.com/facebookgo/grace
  version: 5729e484473f52048578af1b80d0008c7024089b
  subpackages:
  - '...'
  - gracehttp
  - gracenet
- name: github.com/facebookgo/httpdown
  version: a3b1354551a26449fbe05f5d855937f6e7acbd71
- name: github.com/facebookgo/stats
  version: 1b76add642e42c6ffba7211ad7b3939ce654526e
- name: github.com/garyburd/redigo
  version: d7de57ceb51b029d5c5a61e26587f672e2834178
  subpackages:
  - internal
  - redis
- name: github.com/go-swagger/go-swagger
  version: ff42df2bf231f6a12383b36332f8364254ea86d6
  subpackages:
  - '...'
  - errors
  - httpkit/validate
  - strfmt
  - swag
- name: github.com/jmoiron/sqlx
  version: 43975e693e7ab5df0ba436482a697b7c2bf6a87e
  subpackages:
  - reflectx
- name: github.com/klauspost/compress
  version: e3b7981a12dd3cab49afa1d3a50e715846f23732
- name: github.com/klauspost/cpuid
  version: 09cded8978dc9e80714c4d85b0322337b0a1e5e0
- name: github.com/klauspost/crc32
  version: cb6bfca970f6908083f26f39a79009d608efd5cd
- name: github.com/labstack/echo
  version: f10daac5d65c4fe56252d0dde8f2f6b61b31577c
  subpackages:
  - '...'
  - middleware
- name: github.com/labstack/gommon
  version: 447fe7433567c785af957e549aadae2bf2000071
  subpackages:
  - bytes
  - color
  - log
  - random
- name: github.com/lib/pq
  version: 4a82388ebc5138c8289fe9bc602cb0b3e32cd617
  subpackages:
  - oid
- name: github.com/mattes/migrate
  version: ce1b59bb819416ca67422929b1cb48bb342720b6
- name: github.com/mattn/go-colorable
  version: d228849504861217f796da67fae4f6e347643f15
- name: github.com/mattn/go-isatty
  version: 30a891c33c7cde7b02a981314b4228ec99380cca
- name: github.com/mgutz/ansi
  version: c286dcecd19ff979eeb73ea444e479b903f2cfcb
- name: github.com/mgutz/logxi
  version: aebf8a7d67ab4625e0fd4a665766fef9a709161b
  subpackages:
  - v1
- name: github.com/mgutz/str
  version: 968bf66e3da857419e4f6e71b2d5c9ae95682dc4
- name: github.com/pmylund/go-cache
  version: e7a9def80f35fe1b170b7b8b68871d59dea117e1
- name: github.com/satori/go.uuid
  version: b061729afc07e77a8aa4fad0a2fd840958f1942a
- name: github.com/simpleton/rest-api-sample
  version: 3037645f5db3da35e05da0b7d42e9a0ad6aa86e4
  subpackages:
  - conf
  - db
  - handlers
  - models
  - routers
- name: github.com/simpleton/tinker-api
  version: 3037645f5db3da35e05da0b7d42e9a0ad6aa86e4
  subpackages:
  - conf
  - db
  - handlers
  - models
- name: github.com/twinj/uuid
  version: 89173bcdda19db0eb88aef1e1cb1cb2505561d31
- name: github.com/tylerb/graceful
  version: 4df1190835320af7076dfcf27b3d071fd3612caf
- name: github.com/valyala/bytebufferpool
  version: e746df99fe4a3986f4d4f79e13c1e0117ce9c2f7
- name: github.com/valyala/fasthttp
  version: 1dc5bc133b3436ba3e2a3a0690e94e26b9d823b2
- name: github.com/valyala/fasttemplate
  version: 3b874956e03f1636d171bda64b130f9135f42cff
- name: golang.org/x/crypto
  version: 8a549a1948fc5271eb24f36dcb0d3b47dec75a16
  repo: https://github.com/golang/crypto
  subpackages:
  - acme
  - acme/autocert
- name: golang.org/x/net
  version: e7da8edaa52631091740908acaf2c2d4c9b3ce90
  repo: https://go.googlesource.com/net
  subpackages:
  - context
  - context/ctxhttp
  - netutil
- name: golang.org/x/sys
  version: 478fcf54317e52ab69f40bb4c7a1520288d7f7ea
  repo: https://github.com/golang/sys.git
  subpackages:
  - unix
- name: gopkg.in/mgutz/dat.v1
  version: c2a5759ae4b0303a8bf640d01a85ae3acc02455d
  repo: https://github.com/mgutz/dat.git
  subpackages:
  - common
  - kvs
  - postgres
  - reflectx
  - sqlx-runner
- name: gopkg.in/yaml.v2
  version: a83829b6f1293c91addabc89d0571c246397bbf4
  repo: https://github.com/go-yaml/yaml.git
testImports: []
